
Microsoft Visual Studio Solution File, Format Version 12.00
# Visual Studio Version 16
VisualStudioVersion = 16.0.30204.135
MinimumVisualStudioVersion = 10.0.40219.1
Project("{FAE04EC0-301F-11D3-BF4B-00C04F79EFBC}") = "ParallelTasks", "ParallelTasks\ParallelTasks.csproj", "{CBD5492D-3CC4-48B8-8877-8D79295335E1}"
EndProject
Global
	GlobalSection(SolutionConfigurationPlatforms) = preSolution
		Debug|Any CPU = Debug|Any CPU
		Release|Any CPU = Release|Any CPU
	EndGlobalSection
	GlobalSection(ProjectConfigurationPlatforms) = postSolution
		{CBD5492D-3CC4-48B8-8877-8D79295335E1}.Debug|Any CPU.ActiveCfg = Debug|Any CPU
		{CBD5492D-3CC4-48B8-8877-8D79295335E1}.Debug|Any CPU.Build.0 = Debug|Any CPU
		{CBD5492D-3CC4-48B8-8877-8D79295335E1}.Release|Any CPU.ActiveCfg = Release|Any CPU
		{CBD5492D-3CC4-48B8-8877-8D79295335E1}.Release|Any CPU.Build.0 = Release|Any CPU
	EndGlobalSection
	GlobalSection(SolutionProperties) = preSolution
		HideSolutionNode = FALSE
	EndGlobalSection
	GlobalSection(ExtensibilityGlobals) = postSolution
		SolutionGuid = {3388AEEE-9885-4443-B9B6-9255E2C28130}
	EndGlobalSection
EndGlobal
